// !$*UTF8*$!
{
	archiveVersion = 1;
	classes = {
	};
	objectVersion = 50;
	objects = {

/* Begin PBXBuildFile section */
		794C1F56A24FFC8FC38E45D5 /* Pods_Ripple_2.framework in Frameworks */ = {isa = PBXBuildFile; fileRef = 11FB68F688023C2A999A74D9 /* Pods_Ripple_2.framework */; };
		C4568A3F21E19A75000C1D0A /* AppDelegate.swift in Sources */ = {isa = PBXBuildFile; fileRef = C4568A3E21E19A75000C1D0A /* AppDelegate.swift */; };
		C4568A4121E19A75000C1D0A /* ViewController.swift in Sources */ = {isa = PBXBuildFile; fileRef = C4568A4021E19A75000C1D0A /* ViewController.swift */; };
		C4568A4621E19A76000C1D0A /* Assets.xcassets in Resources */ = {isa = PBXBuildFile; fileRef = C4568A4521E19A76000C1D0A /* Assets.xcassets */; };
		C4568A4921E19A76000C1D0A /* LaunchScreen.storyboard in Resources */ = {isa = PBXBuildFile; fileRef = C4568A4721E19A76000C1D0A /* LaunchScreen.storyboard */; };
		C4568A5321E19D48000C1D0A /* GCDMain.swift in Sources */ = {isa = PBXBuildFile; fileRef = C4568A5221E19D48000C1D0A /* GCDMain.swift */; };
		C4568A5521E19D9D000C1D0A /* Page.swift in Sources */ = {isa = PBXBuildFile; fileRef = C4568A5421E19D9D000C1D0A /* Page.swift */; };
		C4568A5821E19E7A000C1D0A /* Ripple-2.xcdatamodeld in Sources */ = {isa = PBXBuildFile; fileRef = C4568A5621E19E7A000C1D0A /* Ripple-2.xcdatamodeld */; };
		C4568A5A21E1A2C6000C1D0A /* EditorDefaults.swift in Sources */ = {isa = PBXBuildFile; fileRef = C4568A5921E1A2C6000C1D0A /* EditorDefaults.swift */; };
		C4568A5C21E1A331000C1D0A /* DataController.swift in Sources */ = {isa = PBXBuildFile; fileRef = C4568A5B21E1A331000C1D0A /* DataController.swift */; };
		C4568A5F21E1A4B5000C1D0A /* HintCell.swift in Sources */ = {isa = PBXBuildFile; fileRef = C4568A5E21E1A4B5000C1D0A /* HintCell.swift */; };
		C4568A6221E1A578000C1D0A /* UIColor+Extensions.swift in Sources */ = {isa = PBXBuildFile; fileRef = C4568A6121E1A578000C1D0A /* UIColor+Extensions.swift */; };
		C4568A6421E1A708000C1D0A /* QuoteCell.swift in Sources */ = {isa = PBXBuildFile; fileRef = C4568A6321E1A708000C1D0A /* QuoteCell.swift */; };
		C4568A6621E1A7B4000C1D0A /* FeelingCell.swift in Sources */ = {isa = PBXBuildFile; fileRef = C4568A6521E1A7B4000C1D0A /* FeelingCell.swift */; };
		C4568A6821E1A833000C1D0A /* ActivityCell.swift in Sources */ = {isa = PBXBuildFile; fileRef = C4568A6721E1A833000C1D0A /* ActivityCell.swift */; };
		C4568A6B21E1A989000C1D0A /* TheySaidSoClient.swift in Sources */ = {isa = PBXBuildFile; fileRef = C4568A6A21E1A989000C1D0A /* TheySaidSoClient.swift */; };
		C45AF76621E1D9A90064A898 /* TheySaidSoConstants.swift in Sources */ = {isa = PBXBuildFile; fileRef = C45AF76521E1D9A90064A898 /* TheySaidSoConstants.swift */; };
		C45AF76821E1DA380064A898 /* TheySaidSoConvenience.swift in Sources */ = {isa = PBXBuildFile; fileRef = C45AF76721E1DA380064A898 /* TheySaidSoConvenience.swift */; };
		C45AF76B21E1DAFA0064A898 /* CustomTabBarController.swift in Sources */ = {isa = PBXBuildFile; fileRef = C45AF76A21E1DAFA0064A898 /* CustomTabBarController.swift */; };
		C45AF76D21E1DB3E0064A898 /* HomeViewController.swift in Sources */ = {isa = PBXBuildFile; fileRef = C45AF76C21E1DB3E0064A898 /* HomeViewController.swift */; };
		C45AF76F21E1DBB30064A898 /* QuoteViewController.swift in Sources */ = {isa = PBXBuildFile; fileRef = C45AF76E21E1DBB30064A898 /* QuoteViewController.swift */; };
		C45AF77121E1DC200064A898 /* ActivityViewController.swift in Sources */ = {isa = PBXBuildFile; fileRef = C45AF77021E1DC200064A898 /* ActivityViewController.swift */; };
		C45AF77321E1DC5F0064A898 /* CheckInViewController.swift in Sources */ = {isa = PBXBuildFile; fileRef = C45AF77221E1DC5F0064A898 /* CheckInViewController.swift */; };
		C45AF77521E1DCC80064A898 /* HintViewController.swift in Sources */ = {isa = PBXBuildFile; fileRef = C45AF77421E1DCC80064A898 /* HintViewController.swift */; };
		C45AF77721E1DD3C0064A898 /* UIView+Extensions.swift in Sources */ = {isa = PBXBuildFile; fileRef = C45AF77621E1DD3C0064A898 /* UIView+Extensions.swift */; };
		C4D10FF921E1EB0600746266 /* HomeViewController+Extension.swift in Sources */ = {isa = PBXBuildFile; fileRef = C4D10FF821E1EB0600746266 /* HomeViewController+Extension.swift */; };
		C4D10FFC21E1EB7A00746266 /* QuoteViewController+Extension.swift in Sources */ = {isa = PBXBuildFile; fileRef = C4D10FFB21E1EB7A00746266 /* QuoteViewController+Extension.swift */; };
		C4D10FFE21E1EBBD00746266 /* QuoteViewController+CollectionExtension.swift in Sources */ = {isa = PBXBuildFile; fileRef = C4D10FFD21E1EBBD00746266 /* QuoteViewController+CollectionExtension.swift */; };
		C4D1100121E1EC2200746266 /* ActivityViewController+Extension.swift in Sources */ = {isa = PBXBuildFile; fileRef = C4D1100021E1EC2200746266 /* ActivityViewController+Extension.swift */; };
		C4D1100321E1EC6400746266 /* ActivityViewController+CollectionExtension.swift in Sources */ = {isa = PBXBuildFile; fileRef = C4D1100221E1EC6400746266 /* ActivityViewController+CollectionExtension.swift */; };
		C4D1100521E1ECB200746266 /* HintViewController+Extension.swift in Sources */ = {isa = PBXBuildFile; fileRef = C4D1100421E1ECB200746266 /* HintViewController+Extension.swift */; };
		C4D1100821E1ED1800746266 /* CheckInViewController+Extension.swift in Sources */ = {isa = PBXBuildFile; fileRef = C4D1100721E1ED1800746266 /* CheckInViewController+Extension.swift */; };
		C4D1100A21E1ED5000746266 /* CheckInViewController+CollectionExtension.swift in Sources */ = {isa = PBXBuildFile; fileRef = C4D1100921E1ED5000746266 /* CheckInViewController+CollectionExtension.swift */; };
		C4D1100C21E1EDCB00746266 /* Reachability.swift in Sources */ = {isa = PBXBuildFile; fileRef = C4D1100B21E1EDCB00746266 /* Reachability.swift */; };
		C4D1100E21E1EDD100746266 /* Reachability.swift in Sources */ = {isa = PBXBuildFile; fileRef = C4D1100D21E1EDD100746266 /* Reachability.swift */; };
/* End PBXBuildFile section */

/* Begin PBXFileReference section */
		11FB68F688023C2A999A74D9 /* Pods_Ripple_2.framework */ = {isa = PBXFileReference; explicitFileType = wrapper.framework; includeInIndex = 0; path = Pods_Ripple_2.framework; sourceTree = BUILT_PRODUCTS_DIR; };
		2631CF23127E4BEF3D36A505 /* Pods-Ripple-2.release.xcconfig */ = {isa = PBXFileReference; includeInIndex = 1; lastKnownFileType = text.xcconfig; name = "Pods-Ripple-2.release.xcconfig"; path = "Pods/Target Support Files/Pods-Ripple-2/Pods-Ripple-2.release.xcconfig"; sourceTree = "<group>"; };
		C4568A3B21E19A75000C1D0A /* Ripple-2.app */ = {isa = PBXFileReference; explicitFileType = wrapper.application; includeInIndex = 0; path = "Ripple-2.app"; sourceTree = BUILT_PRODUCTS_DIR; };
		C4568A3E21E19A75000C1D0A /* AppDelegate.swift */ = {isa = PBXFileReference; lastKnownFileType = sourcecode.swift; path = AppDelegate.swift; sourceTree = "<group>"; };
		C4568A4021E19A75000C1D0A /* ViewController.swift */ = {isa = PBXFileReference; lastKnownFileType = sourcecode.swift; path = ViewController.swift; sourceTree = "<group>"; };
		C4568A4521E19A76000C1D0A /* Assets.xcassets */ = {isa = PBXFileReference; lastKnownFileType = folder.assetcatalog; path = Assets.xcassets; sourceTree = "<group>"; };
		C4568A4821E19A76000C1D0A /* Base */ = {isa = PBXFileReference; lastKnownFileType = file.storyboard; name = Base; path = Base.lproj/LaunchScreen.storyboard; sourceTree = "<group>"; };
		C4568A4A21E19A76000C1D0A /* Info.plist */ = {isa = PBXFileReference; lastKnownFileType = text.plist.xml; path = Info.plist; sourceTree = "<group>"; };
		C4568A5221E19D48000C1D0A /* GCDMain.swift */ = {isa = PBXFileReference; lastKnownFileType = sourcecode.swift; path = GCDMain.swift; sourceTree = "<group>"; };
		C4568A5421E19D9D000C1D0A /* Page.swift */ = {isa = PBXFileReference; lastKnownFileType = sourcecode.swift; path = Page.swift; sourceTree = "<group>"; };
		C4568A5721E19E7A000C1D0A /* Ripple-2.xcdatamodel */ = {isa = PBXFileReference; lastKnownFileType = wrapper.xcdatamodel; path = "Ripple-2.xcdatamodel"; sourceTree = "<group>"; };
		C4568A5921E1A2C6000C1D0A /* EditorDefaults.swift */ = {isa = PBXFileReference; lastKnownFileType = sourcecode.swift; path = EditorDefaults.swift; sourceTree = "<group>"; };
		C4568A5B21E1A331000C1D0A /* DataController.swift */ = {isa = PBXFileReference; lastKnownFileType = sourcecode.swift; path = DataController.swift; sourceTree = "<group>"; };
		C4568A5E21E1A4B5000C1D0A /* HintCell.swift */ = {isa = PBXFileReference; lastKnownFileType = sourcecode.swift; path = HintCell.swift; sourceTree = "<group>"; };
		C4568A6121E1A578000C1D0A /* UIColor+Extensions.swift */ = {isa = PBXFileReference; lastKnownFileType = sourcecode.swift; path = "UIColor+Extensions.swift"; sourceTree = "<group>"; };
		C4568A6321E1A708000C1D0A /* QuoteCell.swift */ = {isa = PBXFileReference; lastKnownFileType = sourcecode.swift; path = QuoteCell.swift; sourceTree = "<group>"; };
		C4568A6521E1A7B4000C1D0A /* FeelingCell.swift */ = {isa = PBXFileReference; lastKnownFileType = sourcecode.swift; path = FeelingCell.swift; sourceTree = "<group>"; };
		C4568A6721E1A833000C1D0A /* ActivityCell.swift */ = {isa = PBXFileReference; lastKnownFileType = sourcecode.swift; path = ActivityCell.swift; sourceTree = "<group>"; };
		C4568A6A21E1A989000C1D0A /* TheySaidSoClient.swift */ = {isa = PBXFileReference; lastKnownFileType = sourcecode.swift; path = TheySaidSoClient.swift; sourceTree = "<group>"; };
		C45AF76521E1D9A90064A898 /* TheySaidSoConstants.swift */ = {isa = PBXFileReference; lastKnownFileType = sourcecode.swift; path = TheySaidSoConstants.swift; sourceTree = "<group>"; };
		C45AF76721E1DA380064A898 /* TheySaidSoConvenience.swift */ = {isa = PBXFileReference; lastKnownFileType = sourcecode.swift; path = TheySaidSoConvenience.swift; sourceTree = "<group>"; };
		C45AF76A21E1DAFA0064A898 /* CustomTabBarController.swift */ = {isa = PBXFileReference; lastKnownFileType = sourcecode.swift; path = CustomTabBarController.swift; sourceTree = "<group>"; };
		C45AF76C21E1DB3E0064A898 /* HomeViewController.swift */ = {isa = PBXFileReference; lastKnownFileType = sourcecode.swift; path = HomeViewController.swift; sourceTree = "<group>"; };
		C45AF76E21E1DBB30064A898 /* QuoteViewController.swift */ = {isa = PBXFileReference; lastKnownFileType = sourcecode.swift; path = QuoteViewController.swift; sourceTree = "<group>"; };
		C45AF77021E1DC200064A898 /* ActivityViewController.swift */ = {isa = PBXFileReference; lastKnownFileType = sourcecode.swift; path = ActivityViewController.swift; sourceTree = "<group>"; };
		C45AF77221E1DC5F0064A898 /* CheckInViewController.swift */ = {isa = PBXFileReference; lastKnownFileType = sourcecode.swift; path = CheckInViewController.swift; sourceTree = "<group>"; };
		C45AF77421E1DCC80064A898 /* HintViewController.swift */ = {isa = PBXFileReference; lastKnownFileType = sourcecode.swift; path = HintViewController.swift; sourceTree = "<group>"; };
		C45AF77621E1DD3C0064A898 /* UIView+Extensions.swift */ = {isa = PBXFileReference; lastKnownFileType = sourcecode.swift; path = "UIView+Extensions.swift"; sourceTree = "<group>"; };
		C4D10FF821E1EB0600746266 /* HomeViewController+Extension.swift */ = {isa = PBXFileReference; lastKnownFileType = sourcecode.swift; path = "HomeViewController+Extension.swift"; sourceTree = "<group>"; };
		C4D10FFB21E1EB7A00746266 /* QuoteViewController+Extension.swift */ = {isa = PBXFileReference; lastKnownFileType = sourcecode.swift; path = "QuoteViewController+Extension.swift"; sourceTree = "<group>"; };
		C4D10FFD21E1EBBD00746266 /* QuoteViewController+CollectionExtension.swift */ = {isa = PBXFileReference; lastKnownFileType = sourcecode.swift; path = "QuoteViewController+CollectionExtension.swift"; sourceTree = "<group>"; };
		C4D1100021E1EC2200746266 /* ActivityViewController+Extension.swift */ = {isa = PBXFileReference; lastKnownFileType = sourcecode.swift; path = "ActivityViewController+Extension.swift"; sourceTree = "<group>"; };
		C4D1100221E1EC6400746266 /* ActivityViewController+CollectionExtension.swift */ = {isa = PBXFileReference; lastKnownFileType = sourcecode.swift; path = "ActivityViewController+CollectionExtension.swift"; sourceTree = "<group>"; };
		C4D1100421E1ECB200746266 /* HintViewController+Extension.swift */ = {isa = PBXFileReference; lastKnownFileType = sourcecode.swift; path = "HintViewController+Extension.swift"; sourceTree = "<group>"; };
		C4D1100721E1ED1800746266 /* CheckInViewController+Extension.swift */ = {isa = PBXFileReference; lastKnownFileType = sourcecode.swift; path = "CheckInViewController+Extension.swift"; sourceTree = "<group>"; };
		C4D1100921E1ED5000746266 /* CheckInViewController+CollectionExtension.swift */ = {isa = PBXFileReference; lastKnownFileType = sourcecode.swift; path = "CheckInViewController+CollectionExtension.swift"; sourceTree = "<group>"; };
		C4D1100B21E1EDCB00746266 /* Reachability.swift */ = {isa = PBXFileReference; fileEncoding = 4; lastKnownFileType = sourcecode.swift; name = Reachability.swift; path = "../../../../../Downloads/Reachability.swift-master/Sources/Reachability.swift"; sourceTree = "<group>"; };
		C4D1100D21E1EDD100746266 /* Reachability.swift */ = {isa = PBXFileReference; lastKnownFileType = sourcecode.swift; path = Reachability.swift; sourceTree = "<group>"; };
		E37219455F5628CC908526AF /* Pods-Ripple-2.debug.xcconfig */ = {isa = PBXFileReference; includeInIndex = 1; lastKnownFileType = text.xcconfig; name = "Pods-Ripple-2.debug.xcconfig"; path = "Pods/Target Support Files/Pods-Ripple-2/Pods-Ripple-2.debug.xcconfig"; sourceTree = "<group>"; };
/* End PBXFileReference section */

/* Begin PBXFrameworksBuildPhase section */
		C4568A3821E19A75000C1D0A /* Frameworks */ = {
			isa = PBXFrameworksBuildPhase;
			buildActionMask = 2147483647;
			files = (
				794C1F56A24FFC8FC38E45D5 /* Pods_Ripple_2.framework in Frameworks */,
			);
			runOnlyForDeploymentPostprocessing = 0;
		};
/* End PBXFrameworksBuildPhase section */

/* Begin PBXGroup section */
		C095323A831893AE6CB28363 /* Pods */ = {
			isa = PBXGroup;
			children = (
				E37219455F5628CC908526AF /* Pods-Ripple-2.debug.xcconfig */,
				2631CF23127E4BEF3D36A505 /* Pods-Ripple-2.release.xcconfig */,
			);
			name = Pods;
			sourceTree = "<group>";
		};
		C4568A3221E19A75000C1D0A = {
			isa = PBXGroup;
			children = (
				C4568A3D21E19A75000C1D0A /* Ripple-2 */,
				C4568A3C21E19A75000C1D0A /* Products */,
				C095323A831893AE6CB28363 /* Pods */,
				E2E81559CDA4664185BF5508 /* Frameworks */,
			);
			sourceTree = "<group>";
		};
		C4568A3C21E19A75000C1D0A /* Products */ = {
			isa = PBXGroup;
			children = (
				C4568A3B21E19A75000C1D0A /* Ripple-2.app */,
			);
			name = Products;
			sourceTree = "<group>";
		};
		C4568A3D21E19A75000C1D0A /* Ripple-2 */ = {
			isa = PBXGroup;
			children = (
				C4568A5021E19D19000C1D0A /* Model */,
				C4568A5D21E1A479000C1D0A /* View */,
				C4568A6921E1A934000C1D0A /* TheySaidSo Client */,
				C45AF76921E1DAA60064A898 /* View Controller */,
				C4568A6021E1A52B000C1D0A /* Support */,
				C4568A4021E19A75000C1D0A /* ViewController.swift */,
				C4568A4521E19A76000C1D0A /* Assets.xcassets */,
				C4568A4721E19A76000C1D0A /* LaunchScreen.storyboard */,
				C4568A4A21E19A76000C1D0A /* Info.plist */,
			);
			path = "Ripple-2";
			sourceTree = "<group>";
		};
		C4568A5021E19D19000C1D0A /* Model */ = {
			isa = PBXGroup;
			children = (
				C4568A5621E19E7A000C1D0A /* Ripple-2.xcdatamodeld */,
				C4568A5121E19D3A000C1D0A /* GCD */,
				C4568A5421E19D9D000C1D0A /* Page.swift */,
				C4568A5921E1A2C6000C1D0A /* EditorDefaults.swift */,
				C4568A5B21E1A331000C1D0A /* DataController.swift */,
			);
			path = Model;
			sourceTree = "<group>";
		};
		C4568A5121E19D3A000C1D0A /* GCD */ = {
			isa = PBXGroup;
			children = (
				C4568A5221E19D48000C1D0A /* GCDMain.swift */,
			);
			path = GCD;
			sourceTree = "<group>";
		};
		C4568A5D21E1A479000C1D0A /* View */ = {
			isa = PBXGroup;
			children = (
				C4568A5E21E1A4B5000C1D0A /* HintCell.swift */,
				C4568A6321E1A708000C1D0A /* QuoteCell.swift */,
				C4568A6521E1A7B4000C1D0A /* FeelingCell.swift */,
				C4568A6721E1A833000C1D0A /* ActivityCell.swift */,
			);
			path = View;
			sourceTree = "<group>";
		};
		C4568A6021E1A52B000C1D0A /* Support */ = {
			isa = PBXGroup;
			children = (
				C4D1100621E1ED0200746266 /* CheckInViewController */,
				C4D10FFF21E1EC0E00746266 /* ActivityViewController */,
				C4568A3E21E19A75000C1D0A /* AppDelegate.swift */,
				C4D10FF721E1EAD500746266 /* HomeViewController */,
				C4D10FFA21E1EB6100746266 /* QuoteViewController */,
				C4D1100D21E1EDD100746266 /* Reachability.swift */,
				C4568A6121E1A578000C1D0A /* UIColor+Extensions.swift */,
				C45AF77621E1DD3C0064A898 /* UIView+Extensions.swift */,
				C4D1100421E1ECB200746266 /* HintViewController+Extension.swift */,
			);
			path = Support;
			sourceTree = "<group>";
		};
		C4568A6921E1A934000C1D0A /* TheySaidSo Client */ = {
			isa = PBXGroup;
			children = (
				C4568A6A21E1A989000C1D0A /* TheySaidSoClient.swift */,
				C45AF76521E1D9A90064A898 /* TheySaidSoConstants.swift */,
				C45AF76721E1DA380064A898 /* TheySaidSoConvenience.swift */,
			);
			path = "TheySaidSo Client";
			sourceTree = "<group>";
		};
		C45AF76921E1DAA60064A898 /* View Controller */ = {
			isa = PBXGroup;
			children = (
				C45AF76A21E1DAFA0064A898 /* CustomTabBarController.swift */,
				C45AF76C21E1DB3E0064A898 /* HomeViewController.swift */,
				C45AF76E21E1DBB30064A898 /* QuoteViewController.swift */,
				C45AF77021E1DC200064A898 /* ActivityViewController.swift */,
				C45AF77221E1DC5F0064A898 /* CheckInViewController.swift */,
				C45AF77421E1DCC80064A898 /* HintViewController.swift */,
			);
			path = "View Controller";
			sourceTree = "<group>";
		};
		C4D10FF721E1EAD500746266 /* HomeViewController */ = {
			isa = PBXGroup;
			children = (
				C4D10FF821E1EB0600746266 /* HomeViewController+Extension.swift */,
			);
			path = HomeViewController;
			sourceTree = "<group>";
		};
		C4D10FFA21E1EB6100746266 /* QuoteViewController */ = {
			isa = PBXGroup;
			children = (
				C4D1100B21E1EDCB00746266 /* Reachability.swift */,
				C4D10FFB21E1EB7A00746266 /* QuoteViewController+Extension.swift */,
				C4D10FFD21E1EBBD00746266 /* QuoteViewController+CollectionExtension.swift */,
			);
			path = QuoteViewController;
			sourceTree = "<group>";
		};
		C4D10FFF21E1EC0E00746266 /* ActivityViewController */ = {
			isa = PBXGroup;
			children = (
				C4D1100021E1EC2200746266 /* ActivityViewController+Extension.swift */,
				C4D1100221E1EC6400746266 /* ActivityViewController+CollectionExtension.swift */,
			);
			path = ActivityViewController;
			sourceTree = "<group>";
		};
		C4D1100621E1ED0200746266 /* CheckInViewController */ = {
			isa = PBXGroup;
			children = (
				C4D1100721E1ED1800746266 /* CheckInViewController+Extension.swift */,
				C4D1100921E1ED5000746266 /* CheckInViewController+CollectionExtension.swift */,
			);
			path = CheckInViewController;
			sourceTree = "<group>";
		};
		E2E81559CDA4664185BF5508 /* Frameworks */ = {
			isa = PBXGroup;
			children = (
				11FB68F688023C2A999A74D9 /* Pods_Ripple_2.framework */,
			);
			name = Frameworks;
			sourceTree = "<group>";
		};
/* End PBXGroup section */

/* Begin PBXNativeTarget section */
		C4568A3A21E19A75000C1D0A /* Ripple-2 */ = {
			isa = PBXNativeTarget;
			buildConfigurationList = C4568A4D21E19A76000C1D0A /* Build configuration list for PBXNativeTarget "Ripple-2" */;
			buildPhases = (
				42816A0382C9194C4077122A /* [CP] Check Pods Manifest.lock */,
				C4568A3721E19A75000C1D0A /* Sources */,
				C4568A3821E19A75000C1D0A /* Frameworks */,
				C4568A3921E19A75000C1D0A /* Resources */,
				523295C9708085C2225A7583 /* [CP] Embed Pods Frameworks */,
			);
			buildRules = (
			);
			dependencies = (
			);
			name = "Ripple-2";
			productName = "Ripple-2";
			productReference = C4568A3B21E19A75000C1D0A /* Ripple-2.app */;
			productType = "com.apple.product-type.application";
		};
/* End PBXNativeTarget section */

/* Begin PBXProject section */
		C4568A3321E19A75000C1D0A /* Project object */ = {
			isa = PBXProject;
			attributes = {
				LastSwiftUpdateCheck = 1010;
				LastUpgradeCheck = 1010;
				ORGANIZATIONNAME = timothyng;
				TargetAttributes = {
					C4568A3A21E19A75000C1D0A = {
						CreatedOnToolsVersion = 10.1;
					};
				};
			};
			buildConfigurationList = C4568A3621E19A75000C1D0A /* Build configuration list for PBXProject "Ripple-2" */;
			compatibilityVersion = "Xcode 9.3";
			developmentRegion = en;
			hasScannedForEncodings = 0;
			knownRegions = (
				en,
				Base,
			);
			mainGroup = C4568A3221E19A75000C1D0A;
			productRefGroup = C4568A3C21E19A75000C1D0A /* Products */;
			projectDirPath = "";
			projectRoot = "";
			targets = (
				C4568A3A21E19A75000C1D0A /* Ripple-2 */,
			);
		};
/* End PBXProject section */

/* Begin PBXResourcesBuildPhase section */
		C4568A3921E19A75000C1D0A /* Resources */ = {
			isa = PBXResourcesBuildPhase;
			buildActionMask = 2147483647;
			files = (
				C4568A4921E19A76000C1D0A /* LaunchScreen.storyboard in Resources */,
				C4568A4621E19A76000C1D0A /* Assets.xcassets in Resources */,
			);
			runOnlyForDeploymentPostprocessing = 0;
		};
/* End PBXResourcesBuildPhase section */

/* Begin PBXShellScriptBuildPhase section */
		42816A0382C9194C4077122A /* [CP] Check Pods Manifest.lock */ = {
			isa = PBXShellScriptBuildPhase;
			buildActionMask = 2147483647;
			files = (
			);
			inputFileListPaths = (
			);
			inputPaths = (
				"${PODS_PODFILE_DIR_PATH}/Podfile.lock",
				"${PODS_ROOT}/Manifest.lock",
			);
			name = "[CP] Check Pods Manifest.lock";
			outputFileListPaths = (
			);
			outputPaths = (
				"$(DERIVED_FILE_DIR)/Pods-Ripple-2-checkManifestLockResult.txt",
			);
			runOnlyForDeploymentPostprocessing = 0;
			shellPath = /bin/sh;
			shellScript = "diff \"${PODS_PODFILE_DIR_PATH}/Podfile.lock\" \"${PODS_ROOT}/Manifest.lock\" > /dev/null\nif [ $? != 0 ] ; then\n    # print error to STDERR\n    echo \"error: The sandbox is not in sync with the Podfile.lock. Run 'pod install' or update your CocoaPods installation.\" >&2\n    exit 1\nfi\n# This output is used by Xcode 'outputs' to avoid re-running this script phase.\necho \"SUCCESS\" > \"${SCRIPT_OUTPUT_FILE_0}\"\n";
			showEnvVarsInLog = 0;
		};
		523295C9708085C2225A7583 /* [CP] Embed Pods Frameworks */ = {
			isa = PBXShellScriptBuildPhase;
			buildActionMask = 2147483647;
			files = (
			);
			inputFileListPaths = (
			);
			inputPaths = (
				"${SRCROOT}/Pods/Target Support Files/Pods-Ripple-2/Pods-Ripple-2-frameworks.sh",
				"${BUILT_PRODUCTS_DIR}/Keys/Keys.framework",
			);
			name = "[CP] Embed Pods Frameworks";
			outputFileListPaths = (
			);
			outputPaths = (
				"${TARGET_BUILD_DIR}/${FRAMEWORKS_FOLDER_PATH}/Keys.framework",
			);
			runOnlyForDeploymentPostprocessing = 0;
			shellPath = /bin/sh;
			shellScript = "\"${SRCROOT}/Pods/Target Support Files/Pods-Ripple-2/Pods-Ripple-2-frameworks.sh\"\n";
			showEnvVarsInLog = 0;
		};
/* End PBXShellScriptBuildPhase section */

/* Begin PBXSourcesBuildPhase section */
		C4568A3721E19A75000C1D0A /* Sources */ = {
			isa = PBXSourcesBuildPhase;
			buildActionMask = 2147483647;
			files = (
				C4568A6421E1A708000C1D0A /* QuoteCell.swift in Sources */,
				C4568A5C21E1A331000C1D0A /* DataController.swift in Sources */,
				C4D10FF921E1EB0600746266 /* HomeViewController+Extension.swift in Sources */,
				C45AF76B21E1DAFA0064A898 /* CustomTabBarController.swift in Sources */,
				C45AF76F21E1DBB30064A898 /* QuoteViewController.swift in Sources */,
				C4D1100821E1ED1800746266 /* CheckInViewController+Extension.swift in Sources */,
				C45AF76D21E1DB3E0064A898 /* HomeViewController.swift in Sources */,
				C4568A6621E1A7B4000C1D0A /* FeelingCell.swift in Sources */,
				C4D1100521E1ECB200746266 /* HintViewController+Extension.swift in Sources */,
				C4568A5A21E1A2C6000C1D0A /* EditorDefaults.swift in Sources */,
				C4568A4121E19A75000C1D0A /* ViewController.swift in Sources */,
				C4D1100121E1EC2200746266 /* ActivityViewController+Extension.swift in Sources */,
				C4568A5821E19E7A000C1D0A /* Ripple-2.xcdatamodeld in Sources */,
				C4568A5F21E1A4B5000C1D0A /* HintCell.swift in Sources */,
				C45AF77721E1DD3C0064A898 /* UIView+Extensions.swift in Sources */,
				C4568A5321E19D48000C1D0A /* GCDMain.swift in Sources */,
				C4568A6B21E1A989000C1D0A /* TheySaidSoClient.swift in Sources */,
				C4568A5521E19D9D000C1D0A /* Page.swift in Sources */,
				C4D1100C21E1EDCB00746266 /* Reachability.swift in Sources */,
				C4D1100321E1EC6400746266 /* ActivityViewController+CollectionExtension.swift in Sources */,
				C4568A6221E1A578000C1D0A /* UIColor+Extensions.swift in Sources */,
				C45AF77321E1DC5F0064A898 /* CheckInViewController.swift in Sources */,
				C4D10FFE21E1EBBD00746266 /* QuoteViewController+CollectionExtension.swift in Sources */,
				C4568A6821E1A833000C1D0A /* ActivityCell.swift in Sources */,
				C45AF77521E1DCC80064A898 /* HintViewController.swift in Sources */,
				C4D10FFC21E1EB7A00746266 /* QuoteViewController+Extension.swift in Sources */,
				C45AF76621E1D9A90064A898 /* TheySaidSoConstants.swift in Sources */,
				C45AF77121E1DC200064A898 /* ActivityViewController.swift in Sources */,
				C4568A3F21E19A75000C1D0A /* AppDelegate.swift in Sources */,
				C4D1100A21E1ED5000746266 /* CheckInViewController+CollectionExtension.swift in Sources */,
				C4D1100E21E1EDD100746266 /* Reachability.swift in Sources */,
				C45AF76821E1DA380064A898 /* TheySaidSoConvenience.swift in Sources */,
			);
			runOnlyForDeploymentPostprocessing = 0;
		};
/* End PBXSourcesBuildPhase section */

/* Begin PBXVariantGroup section */
		C4568A4721E19A76000C1D0A /* LaunchScreen.storyboard */ = {
			isa = PBXVariantGroup;
			children = (
				C4568A4821E19A76000C1D0A /* Base */,
			);
			name = LaunchScreen.storyboard;
			sourceTree = "<group>";
		};
/* End PBXVariantGroup section */

/* Begin XCBuildConfiguration section */
		C4568A4B21E19A76000C1D0A /* Debug */ = {
			isa = XCBuildConfiguration;
			buildSettings = {
				ALWAYS_SEARCH_USER_PATHS = NO;
				CLANG_ANALYZER_NONNULL = YES;
				CLANG_ANALYZER_NUMBER_OBJECT_CONVERSION = YES_AGGRESSIVE;
				CLANG_CXX_LANGUAGE_STANDARD = "gnu++14";
				CLANG_CXX_LIBRARY = "libc++";
				CLANG_ENABLE_MODULES = YES;
				CLANG_ENABLE_OBJC_ARC = YES;
				CLANG_ENABLE_OBJC_WEAK = YES;
				CLANG_WARN_BLOCK_CAPTURE_AUTORELEASING = YES;
				CLANG_WARN_BOOL_CONVERSION = YES;
				CLANG_WARN_COMMA = YES;
				CLANG_WARN_CONSTANT_CONVERSION = YES;
				CLANG_WARN_DEPRECATED_OBJC_IMPLEMENTATIONS = YES;
				CLANG_WARN_DIRECT_OBJC_ISA_USAGE = YES_ERROR;
				CLANG_WARN_DOCUMENTATION_COMMENTS = YES;
				CLANG_WARN_EMPTY_BODY = YES;
				CLANG_WARN_ENUM_CONVERSION = YES;
				CLANG_WARN_INFINITE_RECURSION = YES;
				CLANG_WARN_INT_CONVERSION = YES;
				CLANG_WARN_NON_LITERAL_NULL_CONVERSION = YES;
				CLANG_WARN_OBJC_IMPLICIT_RETAIN_SELF = YES;
				CLANG_WARN_OBJC_LITERAL_CONVERSION = YES;
				CLANG_WARN_OBJC_ROOT_CLASS = YES_ERROR;
				CLANG_WARN_RANGE_LOOP_ANALYSIS = YES;
				CLANG_WARN_STRICT_PROTOTYPES = YES;
				CLANG_WARN_SUSPICIOUS_MOVE = YES;
				CLANG_WARN_UNGUARDED_AVAILABILITY = YES_AGGRESSIVE;
				CLANG_WARN_UNREACHABLE_CODE = YES;
				CLANG_WARN__DUPLICATE_METHOD_MATCH = YES;
				CODE_SIGN_IDENTITY = "iPhone Developer";
				COPY_PHASE_STRIP = NO;
				DEBUG_INFORMATION_FORMAT = dwarf;
				ENABLE_STRICT_OBJC_MSGSEND = YES;
				ENABLE_TESTABILITY = YES;
				GCC_C_LANGUAGE_STANDARD = gnu11;
				GCC_DYNAMIC_NO_PIC = NO;
				GCC_NO_COMMON_BLOCKS = YES;
				GCC_OPTIMIZATION_LEVEL = 0;
				GCC_PREPROCESSOR_DEFINITIONS = (
					"DEBUG=1",
					"$(inherited)",
				);
				GCC_WARN_64_TO_32_BIT_CONVERSION = YES;
				GCC_WARN_ABOUT_RETURN_TYPE = YES_ERROR;
				GCC_WARN_UNDECLARED_SELECTOR = YES;
				GCC_WARN_UNINITIALIZED_AUTOS = YES_AGGRESSIVE;
				GCC_WARN_UNUSED_FUNCTION = YES;
				GCC_WARN_UNUSED_VARIABLE = YES;
				IPHONEOS_DEPLOYMENT_TARGET = 12.1;
				MTL_ENABLE_DEBUG_INFO = INCLUDE_SOURCE;
				MTL_FAST_MATH = YES;
				ONLY_ACTIVE_ARCH = YES;
				SDKROOT = iphoneos;
				SWIFT_ACTIVE_COMPILATION_CONDITIONS = DEBUG;
				SWIFT_OPTIMIZATION_LEVEL = "-Onone";
			};
			name = Debug;
		};
		C4568A4C21E19A76000C1D0A /* Release */ = {
			isa = XCBuildConfiguration;
			buildSettings = {
				ALWAYS_SEARCH_USER_PATHS = NO;
				CLANG_ANALYZER_NONNULL = YES;
				CLANG_ANALYZER_NUMBER_OBJECT_CONVERSION = YES_AGGRESSIVE;
				CLANG_CXX_LANGUAGE_STANDARD = "gnu++14";
				CLANG_CXX_LIBRARY = "libc++";
				CLANG_ENABLE_MODULES = YES;
				CLANG_ENABLE_OBJC_ARC = YES;
				CLANG_ENABLE_OBJC_WEAK = YES;
				CLANG_WARN_BLOCK_CAPTURE_AUTORELEASING = YES;
				CLANG_WARN_BOOL_CONVERSION = YES;
				CLANG_WARN_COMMA = YES;
				CLANG_WARN_CONSTANT_CONVERSION = YES;
				CLANG_WARN_DEPRECATED_OBJC_IMPLEMENTATIONS = YES;
				CLANG_WARN_DIRECT_OBJC_ISA_USAGE = YES_ERROR;
				CLANG_WARN_DOCUMENTATION_COMMENTS = YES;
				CLANG_WARN_EMPTY_BODY = YES;
				CLANG_WARN_ENUM_CONVERSION = YES;
				CLANG_WARN_INFINITE_RECURSION = YES;
				CLANG_WARN_INT_CONVERSION = YES;
				CLANG_WARN_NON_LITERAL_NULL_CONVERSION = YES;
				CLANG_WARN_OBJC_IMPLICIT_RETAIN_SELF = YES;
				CLANG_WARN_OBJC_LITERAL_CONVERSION = YES;
				CLANG_WARN_OBJC_ROOT_CLASS = YES_ERROR;
				CLANG_WARN_RANGE_LOOP_ANALYSIS = YES;
				CLANG_WARN_STRICT_PROTOTYPES = YES;
				CLANG_WARN_SUSPICIOUS_MOVE = YES;
				CLANG_WARN_UNGUARDED_AVAILABILITY = YES_AGGRESSIVE;
				CLANG_WARN_UNREACHABLE_CODE = YES;
				CLANG_WARN__DUPLICATE_METHOD_MATCH = YES;
				CODE_SIGN_IDENTITY = "iPhone Developer";
				COPY_PHASE_STRIP = NO;
				DEBUG_INFORMATION_FORMAT = "dwarf-with-dsym";
				ENABLE_NS_ASSERTIONS = NO;
				ENABLE_STRICT_OBJC_MSGSEND = YES;
				GCC_C_LANGUAGE_STANDARD = gnu11;
				GCC_NO_COMMON_BLOCKS = YES;
				GCC_WARN_64_TO_32_BIT_CONVERSION = YES;
				GCC_WARN_ABOUT_RETURN_TYPE = YES_ERROR;
				GCC_WARN_UNDECLARED_SELECTOR = YES;
				GCC_WARN_UNINITIALIZED_AUTOS = YES_AGGRESSIVE;
				GCC_WARN_UNUSED_FUNCTION = YES;
				GCC_WARN_UNUSED_VARIABLE = YES;
				IPHONEOS_DEPLOYMENT_TARGET = 12.1;
				MTL_ENABLE_DEBUG_INFO = NO;
				MTL_FAST_MATH = YES;
				SDKROOT = iphoneos;
				SWIFT_COMPILATION_MODE = wholemodule;
				SWIFT_OPTIMIZATION_LEVEL = "-O";
				VALIDATE_PRODUCT = YES;
			};
			name = Release;
		};
		C4568A4E21E19A76000C1D0A /* Debug */ = {
			isa = XCBuildConfiguration;
			baseConfigurationReference = E37219455F5628CC908526AF /* Pods-Ripple-2.debug.xcconfig */;
			buildSettings = {
				ASSETCATALOG_COMPILER_APPICON_NAME = AppIcon;
				CODE_SIGN_STYLE = Automatic;
				DEVELOPMENT_TEAM = 8FEPG5HWR5;
				INFOPLIST_FILE = "Ripple-2/Info.plist";
				LD_RUNPATH_SEARCH_PATHS = (
					"$(inherited)",
					"@executable_path/Frameworks",
				);
				PRODUCT_BUNDLE_IDENTIFIER = "com.ripplewithus.Ripple-2";
				PRODUCT_NAME = "$(TARGET_NAME)";
				SWIFT_VERSION = 4.2;
				TARGETED_DEVICE_FAMILY = "1,2";
			};
			name = Debug;
		};
		C4568A4F21E19A76000C1D0A /* Release */ = {
			isa = XCBuildConfiguration;
			baseConfigurationReference = 2631CF23127E4BEF3D36A505 /* Pods-Ripple-2.release.xcconfig */;
			buildSettings = {
				ASSETCATALOG_COMPILER_APPICON_NAME = AppIcon;
				CODE_SIGN_STYLE = Automatic;
				DEVELOPMENT_TEAM = 8FEPG5HWR5;
				INFOPLIST_FILE = "Ripple-2/Info.plist";
				LD_RUNPATH_SEARCH_PATHS = (
					"$(inherited)",
					"@executable_path/Frameworks",
				);
				PRODUCT_BUNDLE_IDENTIFIER = "com.ripplewithus.Ripple-2";
				PRODUCT_NAME = "$(TARGET_NAME)";
				SWIFT_VERSION = 4.2;
				TARGETED_DEVICE_FAMILY = "1,2";
			};
			name = Release;
		};
/* End XCBuildConfiguration section */

/* Begin XCConfigurationList section */
		C4568A3621E19A75000C1D0A /* Build configuration list for PBXProject "Ripple-2" */ = {
			isa = XCConfigurationList;
			buildConfigurations = (
				C4568A4B21E19A76000C1D0A /* Debug */,
				C4568A4C21E19A76000C1D0A /* Release */,
			);
			defaultConfigurationIsVisible = 0;
			defaultConfigurationName = Release;
		};
		C4568A4D21E19A76000C1D0A /* Build configuration list for PBXNativeTarget "Ripple-2" */ = {
			isa = XCConfigurationList;
			buildConfigurations = (
				C4568A4E21E19A76000C1D0A /* Debug */,
				C4568A4F21E19A76000C1D0A /* Release */,
			);
			defaultConfigurationIsVisible = 0;
			defaultConfigurationName = Release;
		};
/* End XCConfigurationList section */

/* Begin XCVersionGroup section */
		C4568A5621E19E7A000C1D0A /* Ripple-2.xcdatamodeld */ = {
			isa = XCVersionGroup;
			children = (
				C4568A5721E19E7A000C1D0A /* Ripple-2.xcdatamodel */,
			);
			currentVersion = C4568A5721E19E7A000C1D0A /* Ripple-2.xcdatamodel */;
			path = "Ripple-2.xcdatamodeld";
			sourceTree = "<group>";
			versionGroupType = wrapper.xcdatamodel;
		};
/* End XCVersionGroup section */
	};
	rootObject = C4568A3321E19A75000C1D0A /* Project object */;
}
